
Microsoft Visual Studio Solution File, Format Version 12.00
# Visual Studio Version 16
VisualStudioVersion = 16.0.28803.352
MinimumVisualStudioVersion = 10.0.40219.1
Project("{FAE04EC0-301F-11D3-BF4B-00C04F79EFBC}") = "PasswordStrengthChecker", "PasswordStrengthChecker\PasswordStrengthChecker.csproj", "{1BA958BE-5C12-4529-BE0D-AB18B967BCE1}"
EndProject
Global
	GlobalSection(SolutionConfigurationPlatforms) = preSolution
		Debug|Any CPU = Debug|Any CPU
		Release|Any CPU = Release|Any CPU
	EndGlobalSection
	GlobalSection(ProjectConfigurationPlatforms) = postSolution
		{1BA958BE-5C12-4529-BE0D-AB18B967BCE1}.Debug|Any CPU.ActiveCfg = Debug|Any CPU
		{1BA958BE-5C12-4529-BE0D-AB18B967BCE1}.Debug|Any CPU.Build.0 = Debug|Any CPU
		{1BA958BE-5C12-4529-BE0D-AB18B967BCE1}.Release|Any CPU.ActiveCfg = Release|Any CPU
		{1BA958BE-5C12-4529-BE0D-AB18B967BCE1}.Release|Any CPU.Build.0 = Release|Any CPU
	EndGlobalSection
	GlobalSection(SolutionProperties) = preSolution
		HideSolutionNode = FALSE
	EndGlobalSection
	GlobalSection(ExtensibilityGlobals) = postSolution
		SolutionGuid = {67BF94A2-D5CE-4409-B1CB-F2F44B4FE00D}
	EndGlobalSection
EndGlobal
